{
  "name": "@xcanchal/date-renderer",
  "version": "1.1.5",
  "lockfileVersion": 2,
  "requires": true,
  "packages": {
    "": {
      "name": "@xcanchal/date-renderer",
      "version": "1.1.1",
      "license": "ISC",
      "dependencies": {
        "@xcanchal/date-logic": "^3.0.0"
      }
    },
    "node_modules/@xcanchal/date-logic": {
      "version": "3.0.0",
      "resolved": "https://npm.pkg.github.com/download/@xcanchal/date-logic/3.0.0/d986fb00443d5824fcd016f8c1e7fd7eca63c8486ee5a80b4483aa30c64bf199",
      "integrity": "sha512-8KIAHTOuaoYWv03myRircR4NZrfe/qerJPUjtCp8xGMlBsLD4/zHA3xHUttAFI6AkPvvYvb8xqHVyq5QT1E7bQ==",
      "license": "ISC"
    }
  },
  "dependencies": {
    "@xcanchal/date-logic": {
      "version": "3.0.0",
      "resolved": "https://npm.pkg.github.com/download/@xcanchal/date-logic/3.0.0/d986fb00443d5824fcd016f8c1e7fd7eca63c8486ee5a80b4483aa30c64bf199",
      "integrity": "sha512-8KIAHTOuaoYWv03myRircR4NZrfe/qerJPUjtCp8xGMlBsLD4/zHA3xHUttAFI6AkPvvYvb8xqHVyq5QT1E7bQ=="
    }
  }
}
